<?xml version="1.0" encoding="utf-8"?>
<Project ToolsVersion="4.0" xmlns="http://schemas.microsoft.com/developer/msbuild/2003">
  <ItemGroup>
    <Filter Include="Source Files">
      <UniqueIdentifier>{4FC737F1-C7A5-4376-A066-2A32D752A2FF}</UniqueIdentifier>
      <Extensions>cpp;c;cc;cxx;def;odl;idl;hpj;bat;asm;asmx</Extensions>
    </Filter>
    <Filter Include="Header Files">
      <UniqueIdentifier>{93995380-89BD-4b04-88EB-625FBE52EBFB}</UniqueIdentifier>
      <Extensions>h;hh;hpp;hxx;hm;inl;inc;xsd</Extensions>
    </Filter>
    <Filter Include="Resource Files">
      <UniqueIdentifier>{67DA6AB6-F800-4c08-8B7A-83BB121AAD01}</UniqueIdentifier>
      <Extensions>rc;ico;cur;bmp;dlg;rc2;rct;bin;rgs;gif;jpg;jpeg;jpe;resx;tiff;tif;png;wav</Extensions>
    </Filter>
    <Filter Include="MSH">
      <UniqueIdentifier>{b98f6a4c-b812-428d-aa3b-830f86da77e4}</UniqueIdentifier>
    </Filter>
    <Filter Include="ANI">
      <UniqueIdentifier>{26f90367-4b31-4f41-88c1-5e1b340565ae}</UniqueIdentifier>
    </Filter>
  </ItemGroup>
  <ItemGroup>
    <ClCompile Include="fbx2msh.cpp">
      <Filter>Source Files</Filter>
    </ClCompile>
    <ClCompile Include="main.cpp">
      <Filter>Source Files</Filter>
    </ClCompile>
    <ClCompile Include="msh2fbx.cpp">
      <Filter>Source Files</Filter>
    </ClCompile>
  </ItemGroup>
  <ItemGroup>
    <ClInclude Include="stdafx.h">
      <Filter>Header Files</Filter>
    </ClInclude>
    <ClInclude Include="translate.h">
      <Filter>Header Files</Filter>
    </ClInclude>
    <ClInclude Include="resource\resource.h">
      <Filter>Header Files</Filter>
    </ClInclude>
    <ClInclude Include="MSHIOPlugin\custom.h">
      <Filter>MSH</Filter>
    </ClInclude>
    <ClInclude Include="MSHIOPlugin\MSHIOPlugin.h">
      <Filter>MSH</Filter>
    </ClInclude>
    <ClInclude Include="MSHIOPlugin\MSHReader.h">
      <Filter>MSH</Filter>
    </ClInclude>
    <ClInclude Include="MSHIOPlugin\MSHWriter.h">
      <Filter>MSH</Filter>
    </ClInclude>
    <ClInclude Include="ANIIOPlugin\ANIIOPlugin.h">
      <Filter>ANI</Filter>
    </ClInclude>
    <ClInclude Include="ANIIOPlugin\ANIReader.h">
      <Filter>ANI</Filter>
    </ClInclude>
    <ClInclude Include="ANIIOPlugin\ANIWriter.h">
      <Filter>ANI</Filter>
    </ClInclude>
    <ClInclude Include="ANIIOPlugin\custom.h">
      <Filter>ANI</Filter>
    </ClInclude>
  </ItemGroup>
  <ItemGroup>
    <ResourceCompile Include="resource\resource.rc">
      <Filter>Resource Files</Filter>
    </ResourceCompile>
  </ItemGroup>
</Project>